
Microsoft Visual Studio Solution File, Format Version 12.00
# Visual Studio Version 17
VisualStudioVersion = 17.9.34622.214
MinimumVisualStudioVersion = 10.0.40219.1
Project("{FAE04EC0-301F-11D3-BF4B-00C04F79EFBC}") = "Shopping", "Shopping\Shopping.csproj", "{BD81C03E-8541-4EBE-9391-7C7A92641E04}"
EndProject
Global
	GlobalSection(SolutionConfigurationPlatforms) = preSolution
		Debug|Any CPU = Debug|Any CPU
		Release|Any CPU = Release|Any CPU
	EndGlobalSection
	GlobalSection(ProjectConfigurationPlatforms) = postSolution
		{BD81C03E-8541-4EBE-9391-7C7A92641E04}.Debug|Any CPU.ActiveCfg = Debug|Any CPU
		{BD81C03E-8541-4EBE-9391-7C7A92641E04}.Debug|Any CPU.Build.0 = Debug|Any CPU
		{BD81C03E-8541-4EBE-9391-7C7A92641E04}.Release|Any CPU.ActiveCfg = Release|Any CPU
		{BD81C03E-8541-4EBE-9391-7C7A92641E04}.Release|Any CPU.Build.0 = Release|Any CPU
	EndGlobalSection
	GlobalSection(SolutionProperties) = preSolution
		HideSolutionNode = FALSE
	EndGlobalSection
	GlobalSection(ExtensibilityGlobals) = postSolution
		SolutionGuid = {A237220C-8CFB-411A-A8E7-ABE2F72AE355}
	EndGlobalSection
EndGlobal
